// !$*UTF8*$!
{
	archiveVersion = 1;
	classes = {
	};
	objectVersion = 50;
	objects = {

/* Begin PBXBuildFile section */
		E562F53227020C9C00DA43D6 /* WebViewController.swift in Sources */ = {isa = PBXBuildFile; fileRef = E562F53127020C9C00DA43D6 /* WebViewController.swift */; };
		E5689384270AFEBC0039053F /* MainMenu.storyboard in Resources */ = {isa = PBXBuildFile; fileRef = E5689383270AFEBC0039053F /* MainMenu.storyboard */; };
		E5689390270B0DA70039053F /* home grey 7.png in Resources */ = {isa = PBXBuildFile; fileRef = E568938F270B0DA60039053F /* home grey 7.png */; };
		E5689392270B0EE60039053F /* education grey 5.png in Resources */ = {isa = PBXBuildFile; fileRef = E5689391270B0EE60039053F /* education grey 5.png */; };
		E5689394270B0F450039053F /* education2 grey 5.png in Resources */ = {isa = PBXBuildFile; fileRef = E5689393270B0F450039053F /* education2 grey 5.png */; };
		E5689396270B10840039053F /* follow grey 5.png in Resources */ = {isa = PBXBuildFile; fileRef = E5689395270B10840039053F /* follow grey 5.png */; };
		E5689398270B12250039053F /* add info.png in Resources */ = {isa = PBXBuildFile; fileRef = E5689397270B12250039053F /* add info.png */; };
		E568939B270B22ED0039053F /* ProfileViewController.swift in Sources */ = {isa = PBXBuildFile; fileRef = E568939A270B22ED0039053F /* ProfileViewController.swift */; };
		E568939D270B23020039053F /* AddInfoViewController.swift in Sources */ = {isa = PBXBuildFile; fileRef = E568939C270B23020039053F /* AddInfoViewController.swift */; };
		E568BFAB270C738E00FE8B06 /* AnimationView.swift in Sources */ = {isa = PBXBuildFile; fileRef = E568BFAA270C738E00FE8B06 /* AnimationView.swift */; };
		E568BFAD270C739A00FE8B06 /* AnimationView.xib in Resources */ = {isa = PBXBuildFile; fileRef = E568BFAC270C739A00FE8B06 /* AnimationView.xib */; };
		E568BFB0270C78C900FE8B06 /* downloadgif.gif in Resources */ = {isa = PBXBuildFile; fileRef = E568BFAF270C78C900FE8B06 /* downloadgif.gif */; };
		E568BFB3270C8BD100FE8B06 /* UIImage+SocialNetwork.swift in Sources */ = {isa = PBXBuildFile; fileRef = E568BFB2270C8BD100FE8B06 /* UIImage+SocialNetwork.swift */; };
		E568BFB8270C990400FE8B06 /* TabBarController.swift in Sources */ = {isa = PBXBuildFile; fileRef = E568BFB7270C990400FE8B06 /* TabBarController.swift */; };
		E568BFBB270DA92D00FE8B06 /* InfoCell.swift in Sources */ = {isa = PBXBuildFile; fileRef = E568BFBA270DA92D00FE8B06 /* InfoCell.swift */; };
		E568BFBD270DB3ED00FE8B06 /* FriendsListCell.swift in Sources */ = {isa = PBXBuildFile; fileRef = E568BFBC270DB3ED00FE8B06 /* FriendsListCell.swift */; };
		E568BFC0270EFC2600FE8B06 /* Friends.swift in Sources */ = {isa = PBXBuildFile; fileRef = E568BFBF270EFC2600FE8B06 /* Friends.swift */; };
		E568BFC327119EBC00FE8B06 /* FriendsViewController.swift in Sources */ = {isa = PBXBuildFile; fileRef = E568BFC227119EBB00FE8B06 /* FriendsViewController.swift */; };
		E56993EC26E3AE0300F2C2EF /* AppDelegate.swift in Sources */ = {isa = PBXBuildFile; fileRef = E56993EB26E3AE0300F2C2EF /* AppDelegate.swift */; };
		E56993EE26E3AE0300F2C2EF /* SceneDelegate.swift in Sources */ = {isa = PBXBuildFile; fileRef = E56993ED26E3AE0300F2C2EF /* SceneDelegate.swift */; };
		E56993F026E3AE0300F2C2EF /* StartViewController.swift in Sources */ = {isa = PBXBuildFile; fileRef = E56993EF26E3AE0300F2C2EF /* StartViewController.swift */; };
		E56993F326E3AE0300F2C2EF /* SignIn.storyboard in Resources */ = {isa = PBXBuildFile; fileRef = E56993F126E3AE0300F2C2EF /* SignIn.storyboard */; };
		E56993F626E3AE0300F2C2EF /* SocialNetwork.xcdatamodeld in Sources */ = {isa = PBXBuildFile; fileRef = E56993F426E3AE0300F2C2EF /* SocialNetwork.xcdatamodeld */; };
		E56993F826E3AE0500F2C2EF /* Assets.xcassets in Resources */ = {isa = PBXBuildFile; fileRef = E56993F726E3AE0500F2C2EF /* Assets.xcassets */; };
		E56993FB26E3AE0500F2C2EF /* LaunchScreen.storyboard in Resources */ = {isa = PBXBuildFile; fileRef = E56993F926E3AE0500F2C2EF /* LaunchScreen.storyboard */; };
		E569940326E8BDA500F2C2EF /* NetworkManager.swift in Sources */ = {isa = PBXBuildFile; fileRef = E569940226E8BDA400F2C2EF /* NetworkManager.swift */; };
		E569940526EA479500F2C2EF /* User.swift in Sources */ = {isa = PBXBuildFile; fileRef = E569940426EA479500F2C2EF /* User.swift */; };
		E569940C26FC9C6500F2C2EF /* Token.swift in Sources */ = {isa = PBXBuildFile; fileRef = E569940B26FC9C6500F2C2EF /* Token.swift */; };
		E56CA94B2712F0240090222A /* Photos.swift in Sources */ = {isa = PBXBuildFile; fileRef = E56CA94A2712F0240090222A /* Photos.swift */; };
		E56CA94F27130C320090222A /* bananalogo.png in Resources */ = {isa = PBXBuildFile; fileRef = E56CA94E27130C320090222A /* bananalogo.png */; };
		E56CA955271311630090222A /* bananagif.gif in Resources */ = {isa = PBXBuildFile; fileRef = E56CA954271311630090222A /* bananagif.gif */; };
		E56CA957271314440090222A /* loadinggif.gif in Resources */ = {isa = PBXBuildFile; fileRef = E56CA956271314440090222A /* loadinggif.gif */; };
		E56CA95927131D890090222A /* home.png in Resources */ = {isa = PBXBuildFile; fileRef = E56CA95827131D890090222A /* home.png */; };
		E56CA95B27131E200090222A /* gohome.png in Resources */ = {isa = PBXBuildFile; fileRef = E56CA95A27131E200090222A /* gohome.png */; };
		E56CA95D27133BF90090222A /* PhotoCollectionViewCell.swift in Sources */ = {isa = PBXBuildFile; fileRef = E56CA95C27133BF90090222A /* PhotoCollectionViewCell.swift */; };
		E56CA95F2715BB0C0090222A /* UIView.swift in Sources */ = {isa = PBXBuildFile; fileRef = E56CA95E2715BB0C0090222A /* UIView.swift */; };
/* End PBXBuildFile section */

/* Begin PBXFileReference section */
		E562F53127020C9C00DA43D6 /* WebViewController.swift */ = {isa = PBXFileReference; lastKnownFileType = sourcecode.swift; path = WebViewController.swift; sourceTree = "<group>"; };
		E5689383270AFEBC0039053F /* MainMenu.storyboard */ = {isa = PBXFileReference; lastKnownFileType = file.storyboard; path = MainMenu.storyboard; sourceTree = "<group>"; };
		E568938F270B0DA60039053F /* home grey 7.png */ = {isa = PBXFileReference; lastKnownFileType = image.png; path = "home grey 7.png"; sourceTree = "<group>"; };
		E5689391270B0EE60039053F /* education grey 5.png */ = {isa = PBXFileReference; lastKnownFileType = image.png; path = "education grey 5.png"; sourceTree = "<group>"; };
		E5689393270B0F450039053F /* education2 grey 5.png */ = {isa = PBXFileReference; lastKnownFileType = image.png; path = "education2 grey 5.png"; sourceTree = "<group>"; };
		E5689395270B10840039053F /* follow grey 5.png */ = {isa = PBXFileReference; lastKnownFileType = image.png; path = "follow grey 5.png"; sourceTree = "<group>"; };
		E5689397270B12250039053F /* add info.png */ = {isa = PBXFileReference; lastKnownFileType = image.png; path = "add info.png"; sourceTree = "<group>"; };
		E568939A270B22ED0039053F /* ProfileViewController.swift */ = {isa = PBXFileReference; lastKnownFileType = sourcecode.swift; path = ProfileViewController.swift; sourceTree = "<group>"; };
		E568939C270B23020039053F /* AddInfoViewController.swift */ = {isa = PBXFileReference; lastKnownFileType = sourcecode.swift; path = AddInfoViewController.swift; sourceTree = "<group>"; };
		E568BFAA270C738E00FE8B06 /* AnimationView.swift */ = {isa = PBXFileReference; lastKnownFileType = sourcecode.swift; path = AnimationView.swift; sourceTree = "<group>"; };
		E568BFAC270C739A00FE8B06 /* AnimationView.xib */ = {isa = PBXFileReference; lastKnownFileType = file.xib; path = AnimationView.xib; sourceTree = "<group>"; };
		E568BFAF270C78C900FE8B06 /* downloadgif.gif */ = {isa = PBXFileReference; lastKnownFileType = image.gif; path = downloadgif.gif; sourceTree = "<group>"; };
		E568BFB2270C8BD100FE8B06 /* UIImage+SocialNetwork.swift */ = {isa = PBXFileReference; lastKnownFileType = sourcecode.swift; path = "UIImage+SocialNetwork.swift"; sourceTree = "<group>"; };
		E568BFB7270C990400FE8B06 /* TabBarController.swift */ = {isa = PBXFileReference; lastKnownFileType = sourcecode.swift; path = TabBarController.swift; sourceTree = "<group>"; };
		E568BFBA270DA92D00FE8B06 /* InfoCell.swift */ = {isa = PBXFileReference; lastKnownFileType = sourcecode.swift; path = InfoCell.swift; sourceTree = "<group>"; };
		E568BFBC270DB3ED00FE8B06 /* FriendsListCell.swift */ = {isa = PBXFileReference; lastKnownFileType = sourcecode.swift; path = FriendsListCell.swift; sourceTree = "<group>"; };
		E568BFBF270EFC2600FE8B06 /* Friends.swift */ = {isa = PBXFileReference; lastKnownFileType = sourcecode.swift; path = Friends.swift; sourceTree = "<group>"; };
		E568BFC227119EBB00FE8B06 /* FriendsViewController.swift */ = {isa = PBXFileReference; lastKnownFileType = sourcecode.swift; path = FriendsViewController.swift; sourceTree = "<group>"; };
		E56993E826E3AE0300F2C2EF /* SocialNetwork.app */ = {isa = PBXFileReference; explicitFileType = wrapper.application; includeInIndex = 0; path = SocialNetwork.app; sourceTree = BUILT_PRODUCTS_DIR; };
		E56993EB26E3AE0300F2C2EF /* AppDelegate.swift */ = {isa = PBXFileReference; lastKnownFileType = sourcecode.swift; path = AppDelegate.swift; sourceTree = "<group>"; };
		E56993ED26E3AE0300F2C2EF /* SceneDelegate.swift */ = {isa = PBXFileReference; lastKnownFileType = sourcecode.swift; path = SceneDelegate.swift; sourceTree = "<group>"; };
		E56993EF26E3AE0300F2C2EF /* StartViewController.swift */ = {isa = PBXFileReference; lastKnownFileType = sourcecode.swift; path = StartViewController.swift; sourceTree = "<group>"; };
		E56993F226E3AE0300F2C2EF /* Base */ = {isa = PBXFileReference; lastKnownFileType = file.storyboard; name = Base; path = Base.lproj/SignIn.storyboard; sourceTree = "<group>"; };
		E56993F526E3AE0300F2C2EF /* SocialNetwork.xcdatamodel */ = {isa = PBXFileReference; lastKnownFileType = wrapper.xcdatamodel; path = SocialNetwork.xcdatamodel; sourceTree = "<group>"; };
		E56993F726E3AE0500F2C2EF /* Assets.xcassets */ = {isa = PBXFileReference; lastKnownFileType = folder.assetcatalog; path = Assets.xcassets; sourceTree = "<group>"; };
		E56993FA26E3AE0500F2C2EF /* Base */ = {isa = PBXFileReference; lastKnownFileType = file.storyboard; name = Base; path = Base.lproj/LaunchScreen.storyboard; sourceTree = "<group>"; };
		E56993FC26E3AE0500F2C2EF /* Info.plist */ = {isa = PBXFileReference; lastKnownFileType = text.plist.xml; path = Info.plist; sourceTree = "<group>"; };
		E569940226E8BDA400F2C2EF /* NetworkManager.swift */ = {isa = PBXFileReference; lastKnownFileType = sourcecode.swift; path = NetworkManager.swift; sourceTree = "<group>"; };
		E569940426EA479500F2C2EF /* User.swift */ = {isa = PBXFileReference; lastKnownFileType = sourcecode.swift; path = User.swift; sourceTree = "<group>"; };
		E569940B26FC9C6500F2C2EF /* Token.swift */ = {isa = PBXFileReference; lastKnownFileType = sourcecode.swift; path = Token.swift; sourceTree = "<group>"; };
		E56CA94A2712F0240090222A /* Photos.swift */ = {isa = PBXFileReference; lastKnownFileType = sourcecode.swift; path = Photos.swift; sourceTree = "<group>"; };
		E56CA94E27130C320090222A /* bananalogo.png */ = {isa = PBXFileReference; lastKnownFileType = image.png; path = bananalogo.png; sourceTree = "<group>"; };
		E56CA954271311630090222A /* bananagif.gif */ = {isa = PBXFileReference; lastKnownFileType = image.gif; path = bananagif.gif; sourceTree = "<group>"; };
		E56CA956271314440090222A /* loadinggif.gif */ = {isa = PBXFileReference; lastKnownFileType = image.gif; path = loadinggif.gif; sourceTree = "<group>"; };
		E56CA95827131D890090222A /* home.png */ = {isa = PBXFileReference; lastKnownFileType = image.png; path = home.png; sourceTree = "<group>"; };
		E56CA95A27131E200090222A /* gohome.png */ = {isa = PBXFileReference; lastKnownFileType = image.png; path = gohome.png; sourceTree = "<group>"; };
		E56CA95C27133BF90090222A /* PhotoCollectionViewCell.swift */ = {isa = PBXFileReference; lastKnownFileType = sourcecode.swift; path = PhotoCollectionViewCell.swift; sourceTree = "<group>"; };
		E56CA95E2715BB0C0090222A /* UIView.swift */ = {isa = PBXFileReference; lastKnownFileType = sourcecode.swift; path = UIView.swift; sourceTree = "<group>"; };
/* End PBXFileReference section */

/* Begin PBXFrameworksBuildPhase section */
		E56993E526E3AE0300F2C2EF /* Frameworks */ = {
			isa = PBXFrameworksBuildPhase;
			buildActionMask = 2147483647;
			files = (
			);
			runOnlyForDeploymentPostprocessing = 0;
		};
/* End PBXFrameworksBuildPhase section */

/* Begin PBXGroup section */
		E5689382270AFE6E0039053F /* MainMenu */ = {
			isa = PBXGroup;
			children = (
				E5689383270AFEBC0039053F /* MainMenu.storyboard */,
			);
			path = MainMenu;
			sourceTree = "<group>";
		};
		E5689385270B0A970039053F /* Image */ = {
			isa = PBXGroup;
			children = (
				E5689386270B0AA00039053F /* Icons */,
			);
			path = Image;
			sourceTree = "<group>";
		};
		E5689386270B0AA00039053F /* Icons */ = {
			isa = PBXGroup;
			children = (
				E56CA95A27131E200090222A /* gohome.png */,
				E56CA95827131D890090222A /* home.png */,
				E56CA94E27130C320090222A /* bananalogo.png */,
				E568938F270B0DA60039053F /* home grey 7.png */,
				E5689391270B0EE60039053F /* education grey 5.png */,
				E5689393270B0F450039053F /* education2 grey 5.png */,
				E5689395270B10840039053F /* follow grey 5.png */,
				E5689397270B12250039053F /* add info.png */,
			);
			path = Icons;
			sourceTree = "<group>";
		};
		E5689399270B22CC0039053F /* TabBarController */ = {
			isa = PBXGroup;
			children = (
				E568BFB7270C990400FE8B06 /* TabBarController.swift */,
				E568BFB6270C988A00FE8B06 /* Profile */,
				E568BFBE270DB44100FE8B06 /* FriendsList */,
			);
			path = TabBarController;
			sourceTree = "<group>";
		};
		E568BFA9270C730300FE8B06 /* AnimationView */ = {
			isa = PBXGroup;
			children = (
				E568BFAA270C738E00FE8B06 /* AnimationView.swift */,
				E568BFAC270C739A00FE8B06 /* AnimationView.xib */,
			);
			path = AnimationView;
			sourceTree = "<group>";
		};
		E568BFAE270C78BB00FE8B06 /* Gifs */ = {
			isa = PBXGroup;
			children = (
				E56CA956271314440090222A /* loadinggif.gif */,
				E56CA954271311630090222A /* bananagif.gif */,
				E568BFAF270C78C900FE8B06 /* downloadgif.gif */,
			);
			path = Gifs;
			sourceTree = "<group>";
		};
		E568BFB1270C8BAD00FE8B06 /* Extensions */ = {
			isa = PBXGroup;
			children = (
				E568BFB2270C8BD100FE8B06 /* UIImage+SocialNetwork.swift */,
				E56CA95E2715BB0C0090222A /* UIView.swift */,
			);
			path = Extensions;
			sourceTree = "<group>";
		};
		E568BFB6270C988A00FE8B06 /* Profile */ = {
			isa = PBXGroup;
			children = (
				E568939A270B22ED0039053F /* ProfileViewController.swift */,
				E568939C270B23020039053F /* AddInfoViewController.swift */,
			);
			path = Profile;
			sourceTree = "<group>";
		};
		E568BFB9270DA8FF00FE8B06 /* CellManager */ = {
			isa = PBXGroup;
			children = (
				E568BFBA270DA92D00FE8B06 /* InfoCell.swift */,
				E568BFBC270DB3ED00FE8B06 /* FriendsListCell.swift */,
				E56CA95C27133BF90090222A /* PhotoCollectionViewCell.swift */,
			);
			path = CellManager;
			sourceTree = "<group>";
		};
		E568BFBE270DB44100FE8B06 /* FriendsList */ = {
			isa = PBXGroup;
			children = (
				E568BFC227119EBB00FE8B06 /* FriendsViewController.swift */,
			);
			path = FriendsList;
			sourceTree = "<group>";
		};
		E56993DF26E3AE0300F2C2EF = {
			isa = PBXGroup;
			children = (
				E56993EA26E3AE0300F2C2EF /* SocialNetwork */,
				E56993E926E3AE0300F2C2EF /* Products */,
			);
			sourceTree = "<group>";
		};
		E56993E926E3AE0300F2C2EF /* Products */ = {
			isa = PBXGroup;
			children = (
				E56993E826E3AE0300F2C2EF /* SocialNetwork.app */,
			);
			name = Products;
			sourceTree = "<group>";
		};
		E56993EA26E3AE0300F2C2EF /* SocialNetwork */ = {
			isa = PBXGroup;
			children = (
				E568BFB1270C8BAD00FE8B06 /* Extensions */,
				E569940A26EA844E00F2C2EF /* NetworkManager */,
				E569940626EA5C5400F2C2EF /* Models */,
				E569940E26FCBF0E00F2C2EF /* Controllers */,
				E569940F26FCBF3200F2C2EF /* Views */,
				E569941026FCBF5000F2C2EF /* SupportFiles */,
				E569940D26FCBEC700F2C2EF /* App */,
				E56993FC26E3AE0500F2C2EF /* Info.plist */,
				E56993F426E3AE0300F2C2EF /* SocialNetwork.xcdatamodeld */,
			);
			path = SocialNetwork;
			sourceTree = "<group>";
		};
		E569940626EA5C5400F2C2EF /* Models */ = {
			isa = PBXGroup;
			children = (
				E569940B26FC9C6500F2C2EF /* Token.swift */,
				E569940426EA479500F2C2EF /* User.swift */,
				E568BFBF270EFC2600FE8B06 /* Friends.swift */,
				E56CA94A2712F0240090222A /* Photos.swift */,
			);
			path = Models;
			sourceTree = "<group>";
		};
		E569940A26EA844E00F2C2EF /* NetworkManager */ = {
			isa = PBXGroup;
			children = (
				E569940226E8BDA400F2C2EF /* NetworkManager.swift */,
			);
			path = NetworkManager;
			sourceTree = "<group>";
		};
		E569940D26FCBEC700F2C2EF /* App */ = {
			isa = PBXGroup;
			children = (
				E56993ED26E3AE0300F2C2EF /* SceneDelegate.swift */,
				E56993EB26E3AE0300F2C2EF /* AppDelegate.swift */,
			);
			path = App;
			sourceTree = "<group>";
		};
		E569940E26FCBF0E00F2C2EF /* Controllers */ = {
			isa = PBXGroup;
			children = (
				E568BFB9270DA8FF00FE8B06 /* CellManager */,
				E568BFA9270C730300FE8B06 /* AnimationView */,
				E56993EF26E3AE0300F2C2EF /* StartViewController.swift */,
				E562F53127020C9C00DA43D6 /* WebViewController.swift */,
				E5689399270B22CC0039053F /* TabBarController */,
			);
			path = Controllers;
			sourceTree = "<group>";
		};
		E569940F26FCBF3200F2C2EF /* Views */ = {
			isa = PBXGroup;
			children = (
				E5689382270AFE6E0039053F /* MainMenu */,
				E56993F126E3AE0300F2C2EF /* SignIn.storyboard */,
				E56993F926E3AE0500F2C2EF /* LaunchScreen.storyboard */,
			);
			path = Views;
			sourceTree = "<group>";
		};
		E569941026FCBF5000F2C2EF /* SupportFiles */ = {
			isa = PBXGroup;
			children = (
				E568BFAE270C78BB00FE8B06 /* Gifs */,
				E5689385270B0A970039053F /* Image */,
				E56993F726E3AE0500F2C2EF /* Assets.xcassets */,
			);
			path = SupportFiles;
			sourceTree = "<group>";
		};
/* End PBXGroup section */

/* Begin PBXNativeTarget section */
		E56993E726E3AE0300F2C2EF /* SocialNetwork */ = {
			isa = PBXNativeTarget;
			buildConfigurationList = E56993FF26E3AE0500F2C2EF /* Build configuration list for PBXNativeTarget "SocialNetwork" */;
			buildPhases = (
				E56993E426E3AE0300F2C2EF /* Sources */,
				E56993E526E3AE0300F2C2EF /* Frameworks */,
				E56993E626E3AE0300F2C2EF /* Resources */,
			);
			buildRules = (
			);
			dependencies = (
			);
			name = SocialNetwork;
			productName = SocialNetwork;
			productReference = E56993E826E3AE0300F2C2EF /* SocialNetwork.app */;
			productType = "com.apple.product-type.application";
		};
/* End PBXNativeTarget section */

/* Begin PBXProject section */
		E56993E026E3AE0300F2C2EF /* Project object */ = {
			isa = PBXProject;
			attributes = {
				LastSwiftUpdateCheck = 1250;
				LastUpgradeCheck = 1250;
				TargetAttributes = {
					E56993E726E3AE0300F2C2EF = {
						CreatedOnToolsVersion = 12.5.1;
					};
				};
			};
			buildConfigurationList = E56993E326E3AE0300F2C2EF /* Build configuration list for PBXProject "SocialNetwork" */;
			compatibilityVersion = "Xcode 9.3";
			developmentRegion = en;
			hasScannedForEncodings = 0;
			knownRegions = (
				en,
				Base,
			);
			mainGroup = E56993DF26E3AE0300F2C2EF;
			productRefGroup = E56993E926E3AE0300F2C2EF /* Products */;
			projectDirPath = "";
			projectRoot = "";
			targets = (
				E56993E726E3AE0300F2C2EF /* SocialNetwork */,
			);
		};
/* End PBXProject section */

/* Begin PBXResourcesBuildPhase section */
		E56993E626E3AE0300F2C2EF /* Resources */ = {
			isa = PBXResourcesBuildPhase;
			buildActionMask = 2147483647;
			files = (
				E5689384270AFEBC0039053F /* MainMenu.storyboard in Resources */,
				E5689390270B0DA70039053F /* home grey 7.png in Resources */,
				E56993FB26E3AE0500F2C2EF /* LaunchScreen.storyboard in Resources */,
				E56CA94F27130C320090222A /* bananalogo.png in Resources */,
				E568BFAD270C739A00FE8B06 /* AnimationView.xib in Resources */,
				E56CA95927131D890090222A /* home.png in Resources */,
				E56CA957271314440090222A /* loadinggif.gif in Resources */,
				E5689398270B12250039053F /* add info.png in Resources */,
				E5689396270B10840039053F /* follow grey 5.png in Resources */,
				E5689392270B0EE60039053F /* education grey 5.png in Resources */,
				E56993F826E3AE0500F2C2EF /* Assets.xcassets in Resources */,
				E56993F326E3AE0300F2C2EF /* SignIn.storyboard in Resources */,
				E56CA955271311630090222A /* bananagif.gif in Resources */,
				E56CA95B27131E200090222A /* gohome.png in Resources */,
				E568BFB0270C78C900FE8B06 /* downloadgif.gif in Resources */,
				E5689394270B0F450039053F /* education2 grey 5.png in Resources */,
			);
			runOnlyForDeploymentPostprocessing = 0;
		};
/* End PBXResourcesBuildPhase section */

/* Begin PBXSourcesBuildPhase section */
		E56993E426E3AE0300F2C2EF /* Sources */ = {
			isa = PBXSourcesBuildPhase;
			buildActionMask = 2147483647;
			files = (
				E56CA95F2715BB0C0090222A /* UIView.swift in Sources */,
				E56CA94B2712F0240090222A /* Photos.swift in Sources */,
				E56993F026E3AE0300F2C2EF /* StartViewController.swift in Sources */,
				E568BFB8270C990400FE8B06 /* TabBarController.swift in Sources */,
				E56993EC26E3AE0300F2C2EF /* AppDelegate.swift in Sources */,
				E56CA95D27133BF90090222A /* PhotoCollectionViewCell.swift in Sources */,
				E568BFC0270EFC2600FE8B06 /* Friends.swift in Sources */,
				E568BFC327119EBC00FE8B06 /* FriendsViewController.swift in Sources */,
				E569940326E8BDA500F2C2EF /* NetworkManager.swift in Sources */,
				E568BFB3270C8BD100FE8B06 /* UIImage+SocialNetwork.swift in Sources */,
				E568BFBD270DB3ED00FE8B06 /* FriendsListCell.swift in Sources */,
				E569940526EA479500F2C2EF /* User.swift in Sources */,
				E56993EE26E3AE0300F2C2EF /* SceneDelegate.swift in Sources */,
				E56993F626E3AE0300F2C2EF /* SocialNetwork.xcdatamodeld in Sources */,
				E568939D270B23020039053F /* AddInfoViewController.swift in Sources */,
				E568939B270B22ED0039053F /* ProfileViewController.swift in Sources */,
				E568BFAB270C738E00FE8B06 /* AnimationView.swift in Sources */,
				E569940C26FC9C6500F2C2EF /* Token.swift in Sources */,
				E562F53227020C9C00DA43D6 /* WebViewController.swift in Sources */,
				E568BFBB270DA92D00FE8B06 /* InfoCell.swift in Sources */,
			);
			runOnlyForDeploymentPostprocessing = 0;
		};
/* End PBXSourcesBuildPhase section */

/* Begin PBXVariantGroup section */
		E56993F126E3AE0300F2C2EF /* SignIn.storyboard */ = {
			isa = PBXVariantGroup;
			children = (
				E56993F226E3AE0300F2C2EF /* Base */,
			);
			name = SignIn.storyboard;
			sourceTree = "<group>";
		};
		E56993F926E3AE0500F2C2EF /* LaunchScreen.storyboard */ = {
			isa = PBXVariantGroup;
			children = (
				E56993FA26E3AE0500F2C2EF /* Base */,
			);
			name = LaunchScreen.storyboard;
			sourceTree = "<group>";
		};
/* End PBXVariantGroup section */

/* Begin XCBuildConfiguration section */
		E56993FD26E3AE0500F2C2EF /* Debug */ = {
			isa = XCBuildConfiguration;
			buildSettings = {
				ALWAYS_SEARCH_USER_PATHS = NO;
				CLANG_ANALYZER_NONNULL = YES;
				CLANG_ANALYZER_NUMBER_OBJECT_CONVERSION = YES_AGGRESSIVE;
				CLANG_CXX_LANGUAGE_STANDARD = "gnu++14";
				CLANG_CXX_LIBRARY = "libc++";
				CLANG_ENABLE_MODULES = YES;
				CLANG_ENABLE_OBJC_ARC = YES;
				CLANG_ENABLE_OBJC_WEAK = YES;
				CLANG_WARN_BLOCK_CAPTURE_AUTORELEASING = YES;
				CLANG_WARN_BOOL_CONVERSION = YES;
				CLANG_WARN_COMMA = YES;
				CLANG_WARN_CONSTANT_CONVERSION = YES;
				CLANG_WARN_DEPRECATED_OBJC_IMPLEMENTATIONS = YES;
				CLANG_WARN_DIRECT_OBJC_ISA_USAGE = YES_ERROR;
				CLANG_WARN_DOCUMENTATION_COMMENTS = YES;
				CLANG_WARN_EMPTY_BODY = YES;
				CLANG_WARN_ENUM_CONVERSION = YES;
				CLANG_WARN_INFINITE_RECURSION = YES;
				CLANG_WARN_INT_CONVERSION = YES;
				CLANG_WARN_NON_LITERAL_NULL_CONVERSION = YES;
				CLANG_WARN_OBJC_IMPLICIT_RETAIN_SELF = YES;
				CLANG_WARN_OBJC_LITERAL_CONVERSION = YES;
				CLANG_WARN_OBJC_ROOT_CLASS = YES_ERROR;
				CLANG_WARN_QUOTED_INCLUDE_IN_FRAMEWORK_HEADER = YES;
				CLANG_WARN_RANGE_LOOP_ANALYSIS = YES;
				CLANG_WARN_STRICT_PROTOTYPES = YES;
				CLANG_WARN_SUSPICIOUS_MOVE = YES;
				CLANG_WARN_UNGUARDED_AVAILABILITY = YES_AGGRESSIVE;
				CLANG_WARN_UNREACHABLE_CODE = YES;
				CLANG_WARN__DUPLICATE_METHOD_MATCH = YES;
				COPY_PHASE_STRIP = NO;
				DEBUG_INFORMATION_FORMAT = dwarf;
				ENABLE_STRICT_OBJC_MSGSEND = YES;
				ENABLE_TESTABILITY = YES;
				GCC_C_LANGUAGE_STANDARD = gnu11;
				GCC_DYNAMIC_NO_PIC = NO;
				GCC_NO_COMMON_BLOCKS = YES;
				GCC_OPTIMIZATION_LEVEL = 0;
				GCC_PREPROCESSOR_DEFINITIONS = (
					"DEBUG=1",
					"$(inherited)",
				);
				GCC_WARN_64_TO_32_BIT_CONVERSION = YES;
				GCC_WARN_ABOUT_RETURN_TYPE = YES_ERROR;
				GCC_WARN_UNDECLARED_SELECTOR = YES;
				GCC_WARN_UNINITIALIZED_AUTOS = YES_AGGRESSIVE;
				GCC_WARN_UNUSED_FUNCTION = YES;
				GCC_WARN_UNUSED_VARIABLE = YES;
				IPHONEOS_DEPLOYMENT_TARGET = 14.5;
				MTL_ENABLE_DEBUG_INFO = INCLUDE_SOURCE;
				MTL_FAST_MATH = YES;
				ONLY_ACTIVE_ARCH = YES;
				SDKROOT = iphoneos;
				SWIFT_ACTIVE_COMPILATION_CONDITIONS = DEBUG;
				SWIFT_OPTIMIZATION_LEVEL = "-Onone";
			};
			name = Debug;
		};
		E56993FE26E3AE0500F2C2EF /* Release */ = {
			isa = XCBuildConfiguration;
			buildSettings = {
				ALWAYS_SEARCH_USER_PATHS = NO;
				CLANG_ANALYZER_NONNULL = YES;
				CLANG_ANALYZER_NUMBER_OBJECT_CONVERSION = YES_AGGRESSIVE;
				CLANG_CXX_LANGUAGE_STANDARD = "gnu++14";
				CLANG_CXX_LIBRARY = "libc++";
				CLANG_ENABLE_MODULES = YES;
				CLANG_ENABLE_OBJC_ARC = YES;
				CLANG_ENABLE_OBJC_WEAK = YES;
				CLANG_WARN_BLOCK_CAPTURE_AUTORELEASING = YES;
				CLANG_WARN_BOOL_CONVERSION = YES;
				CLANG_WARN_COMMA = YES;
				CLANG_WARN_CONSTANT_CONVERSION = YES;
				CLANG_WARN_DEPRECATED_OBJC_IMPLEMENTATIONS = YES;
				CLANG_WARN_DIRECT_OBJC_ISA_USAGE = YES_ERROR;
				CLANG_WARN_DOCUMENTATION_COMMENTS = YES;
				CLANG_WARN_EMPTY_BODY = YES;
				CLANG_WARN_ENUM_CONVERSION = YES;
				CLANG_WARN_INFINITE_RECURSION = YES;
				CLANG_WARN_INT_CONVERSION = YES;
				CLANG_WARN_NON_LITERAL_NULL_CONVERSION = YES;
				CLANG_WARN_OBJC_IMPLICIT_RETAIN_SELF = YES;
				CLANG_WARN_OBJC_LITERAL_CONVERSION = YES;
				CLANG_WARN_OBJC_ROOT_CLASS = YES_ERROR;
				CLANG_WARN_QUOTED_INCLUDE_IN_FRAMEWORK_HEADER = YES;
				CLANG_WARN_RANGE_LOOP_ANALYSIS = YES;
				CLANG_WARN_STRICT_PROTOTYPES = YES;
				CLANG_WARN_SUSPICIOUS_MOVE = YES;
				CLANG_WARN_UNGUARDED_AVAILABILITY = YES_AGGRESSIVE;
				CLANG_WARN_UNREACHABLE_CODE = YES;
				CLANG_WARN__DUPLICATE_METHOD_MATCH = YES;
				COPY_PHASE_STRIP = NO;
				DEBUG_INFORMATION_FORMAT = "dwarf-with-dsym";
				ENABLE_NS_ASSERTIONS = NO;
				ENABLE_STRICT_OBJC_MSGSEND = YES;
				GCC_C_LANGUAGE_STANDARD = gnu11;
				GCC_NO_COMMON_BLOCKS = YES;
				GCC_WARN_64_TO_32_BIT_CONVERSION = YES;
				GCC_WARN_ABOUT_RETURN_TYPE = YES_ERROR;
				GCC_WARN_UNDECLARED_SELECTOR = YES;
				GCC_WARN_UNINITIALIZED_AUTOS = YES_AGGRESSIVE;
				GCC_WARN_UNUSED_FUNCTION = YES;
				GCC_WARN_UNUSED_VARIABLE = YES;
				IPHONEOS_DEPLOYMENT_TARGET = 14.5;
				MTL_ENABLE_DEBUG_INFO = NO;
				MTL_FAST_MATH = YES;
				SDKROOT = iphoneos;
				SWIFT_COMPILATION_MODE = wholemodule;
				SWIFT_OPTIMIZATION_LEVEL = "-O";
				VALIDATE_PRODUCT = YES;
			};
			name = Release;
		};
		E569940026E3AE0500F2C2EF /* Debug */ = {
			isa = XCBuildConfiguration;
			buildSettings = {
				ASSETCATALOG_COMPILER_APPICON_NAME = AppIcon;
				ASSETCATALOG_COMPILER_GLOBAL_ACCENT_COLOR_NAME = AccentColor;
				CODE_SIGN_STYLE = Automatic;
				DEVELOPMENT_TEAM = 9Q6FR3248K;
				INFOPLIST_FILE = SocialNetwork/Info.plist;
				LD_RUNPATH_SEARCH_PATHS = (
					"$(inherited)",
					"@executable_path/Frameworks",
				);
				PRODUCT_BUNDLE_IDENTIFIER = "Yauheni-Kavaleuski.SocialNetwork";
				PRODUCT_NAME = "$(TARGET_NAME)";
				SWIFT_VERSION = 5.0;
				TARGETED_DEVICE_FAMILY = "1,2";
			};
			name = Debug;
		};
		E569940126E3AE0500F2C2EF /* Release */ = {
			isa = XCBuildConfiguration;
			buildSettings = {
				ASSETCATALOG_COMPILER_APPICON_NAME = AppIcon;
				ASSETCATALOG_COMPILER_GLOBAL_ACCENT_COLOR_NAME = AccentColor;
				CODE_SIGN_STYLE = Automatic;
				DEVELOPMENT_TEAM = 9Q6FR3248K;
				INFOPLIST_FILE = SocialNetwork/Info.plist;
				LD_RUNPATH_SEARCH_PATHS = (
					"$(inherited)",
					"@executable_path/Frameworks",
				);
				PRODUCT_BUNDLE_IDENTIFIER = "Yauheni-Kavaleuski.SocialNetwork";
				PRODUCT_NAME = "$(TARGET_NAME)";
				SWIFT_VERSION = 5.0;
				TARGETED_DEVICE_FAMILY = "1,2";
			};
			name = Release;
		};
/* End XCBuildConfiguration section */

/* Begin XCConfigurationList section */
		E56993E326E3AE0300F2C2EF /* Build configuration list for PBXProject "SocialNetwork" */ = {
			isa = XCConfigurationList;
			buildConfigurations = (
				E56993FD26E3AE0500F2C2EF /* Debug */,
				E56993FE26E3AE0500F2C2EF /* Release */,
			);
			defaultConfigurationIsVisible = 0;
			defaultConfigurationName = Release;
		};
		E56993FF26E3AE0500F2C2EF /* Build configuration list for PBXNativeTarget "SocialNetwork" */ = {
			isa = XCConfigurationList;
			buildConfigurations = (
				E569940026E3AE0500F2C2EF /* Debug */,
				E569940126E3AE0500F2C2EF /* Release */,
			);
			defaultConfigurationIsVisible = 0;
			defaultConfigurationName = Release;
		};
/* End XCConfigurationList section */

/* Begin XCVersionGroup section */
		E56993F426E3AE0300F2C2EF /* SocialNetwork.xcdatamodeld */ = {
			isa = XCVersionGroup;
			children = (
				E56993F526E3AE0300F2C2EF /* SocialNetwork.xcdatamodel */,
			);
			currentVersion = E56993F526E3AE0300F2C2EF /* SocialNetwork.xcdatamodel */;
			path = SocialNetwork.xcdatamodeld;
			sourceTree = "<group>";
			versionGroupType = wrapper.xcdatamodel;
		};
/* End XCVersionGroup section */
	};
	rootObject = E56993E026E3AE0300F2C2EF /* Project object */;
}
